
Microsoft Visual Studio Solution File, Format Version 12.00
# Visual Studio Version 17
VisualStudioVersion = 17.4.33205.214
MinimumVisualStudioVersion = 10.0.40219.1
Project("{FAE04EC0-301F-11D3-BF4B-00C04F79EFBC}") = "Porunga", "Porunga.csproj", "{AF4E98F1-DF43-4F1B-B62D-F9A262F3E9DD}"
EndProject
Project("{2150E333-8FDC-42A3-9474-1A3956D46DE8}") = "Solution Items", "Solution Items", "{93D17B08-4523-422F-86AB-E2B28E991492}"
	ProjectSection(SolutionItems) = preProject
		.editorconfig = .editorconfig
	EndProjectSection
EndProject
Project("{FAE04EC0-301F-11D3-BF4B-00C04F79EFBC}") = "PorungaTest", "..\PorungaTest\PorungaTest.csproj", "{C5D23022-9368-4FBB-BB60-AD5979F61F27}"
EndProject
Global
	GlobalSection(SolutionConfigurationPlatforms) = preSolution
		Debug|Any CPU = Debug|Any CPU
		Release|Any CPU = Release|Any CPU
	EndGlobalSection
	GlobalSection(ProjectConfigurationPlatforms) = postSolution
		{AF4E98F1-DF43-4F1B-B62D-F9A262F3E9DD}.Debug|Any CPU.ActiveCfg = Debug|Any CPU
		{AF4E98F1-DF43-4F1B-B62D-F9A262F3E9DD}.Debug|Any CPU.Build.0 = Debug|Any CPU
		{AF4E98F1-DF43-4F1B-B62D-F9A262F3E9DD}.Release|Any CPU.ActiveCfg = Release|Any CPU
		{AF4E98F1-DF43-4F1B-B62D-F9A262F3E9DD}.Release|Any CPU.Build.0 = Release|Any CPU
		{C5D23022-9368-4FBB-BB60-AD5979F61F27}.Debug|Any CPU.ActiveCfg = Debug|Any CPU
		{C5D23022-9368-4FBB-BB60-AD5979F61F27}.Debug|Any CPU.Build.0 = Debug|Any CPU
		{C5D23022-9368-4FBB-BB60-AD5979F61F27}.Release|Any CPU.ActiveCfg = Release|Any CPU
		{C5D23022-9368-4FBB-BB60-AD5979F61F27}.Release|Any CPU.Build.0 = Release|Any CPU
	EndGlobalSection
	GlobalSection(SolutionProperties) = preSolution
		HideSolutionNode = FALSE
	EndGlobalSection
	GlobalSection(ExtensibilityGlobals) = postSolution
		SolutionGuid = {81FCB932-D777-452F-9547-19EF89B0A9A8}
	EndGlobalSection
EndGlobal
